
Microsoft Visual Studio Solution File, Format Version 12.00
# Visual Studio 15
VisualStudioVersion = 15.0.26430.16
MinimumVisualStudioVersion = 10.0.40219.1
Project("{2150E333-8FDC-42A3-9474-1A3956D46DE8}") = "Aula 03", "Aula 03", "{91E7B42A-C4BD-4733-A0F9-08729850173A}"
EndProject
Project("{FAE04EC0-301F-11D3-BF4B-00C04F79EFBC}") = "CadCli", "Aula3\CadCli\CadCli.csproj", "{DD0649DF-D554-4CFE-9A99-993F074AB4D6}"
EndProject
Project("{2150E333-8FDC-42A3-9474-1A3956D46DE8}") = "Aula 04", "Aula 04", "{D8158B43-1340-4970-8777-DE56F63A95F3}"
EndProject
Project("{9A19103F-16F7-4668-BE54-9A1E7A4F7556}") = "GreenFullFramework", "GreenFullFramework\GreenFullFramework.csproj", "{1A17F90E-9372-4A31-9D0F-7C79D0D6B806}"
EndProject
Project("{2150E333-8FDC-42A3-9474-1A3956D46DE8}") = "MVC", "MVC", "{2F0759B6-0EF8-4B03-BBBB-E410FBF70F69}"
EndProject
Project("{FAE04EC0-301F-11D3-BF4B-00C04F79EFBC}") = "MVCSample", "MVCSample\MVCSample.csproj", "{348CEF3A-D4D4-48CF-A784-31555F11D46B}"
EndProject
Project("{2150E333-8FDC-42A3-9474-1A3956D46DE8}") = "Aula 06", "Aula 06", "{11D26B4C-9326-4683-9073-33B748793C4B}"
EndProject
Project("{2150E333-8FDC-42A3-9474-1A3956D46DE8}") = "Aula 05", "Aula 05", "{E813DC54-D1F5-48E4-A9A4-E86EA4E6AF8F}"
EndProject
Project("{2150E333-8FDC-42A3-9474-1A3956D46DE8}") = "Aula 07", "Aula 07", "{6949BBBC-766E-4082-8ABA-C381D721BD97}"
	ProjectSection(SolutionItems) = preProject
		Readme.txt = Readme.txt
	EndProjectSection
EndProject
Project("{FAE04EC0-301F-11D3-BF4B-00C04F79EFBC}") = "ExemploGreen.Web7", "ExemploGreen.Web7\ExemploGreen.Web7.csproj", "{C7FFA02D-E66E-4097-9804-EE05DE6E9822}"
EndProject
Project("{FAE04EC0-301F-11D3-BF4B-00C04F79EFBC}") = "ExemploGreen.Web6", "ExemploGreen.Web6\ExemploGreen.Web6.csproj", "{2BBDBC64-AA04-409E-A381-7686F5D9A230}"
EndProject
Project("{FAE04EC0-301F-11D3-BF4B-00C04F79EFBC}") = "ExemploGreen.Web5", "ExemploGreen.Web5\ExemploGreen.Web5.csproj", "{C6A49E66-94BD-4A2B-B551-E2BACAB1516F}"
EndProject
Global
	GlobalSection(SolutionConfigurationPlatforms) = preSolution
		Debug|Any CPU = Debug|Any CPU
		Release|Any CPU = Release|Any CPU
	EndGlobalSection
	GlobalSection(ProjectConfigurationPlatforms) = postSolution
		{DD0649DF-D554-4CFE-9A99-993F074AB4D6}.Debug|Any CPU.ActiveCfg = Debug|Any CPU
		{DD0649DF-D554-4CFE-9A99-993F074AB4D6}.Debug|Any CPU.Build.0 = Debug|Any CPU
		{DD0649DF-D554-4CFE-9A99-993F074AB4D6}.Release|Any CPU.ActiveCfg = Release|Any CPU
		{DD0649DF-D554-4CFE-9A99-993F074AB4D6}.Release|Any CPU.Build.0 = Release|Any CPU
		{1A17F90E-9372-4A31-9D0F-7C79D0D6B806}.Debug|Any CPU.ActiveCfg = Debug|Any CPU
		{1A17F90E-9372-4A31-9D0F-7C79D0D6B806}.Debug|Any CPU.Build.0 = Debug|Any CPU
		{1A17F90E-9372-4A31-9D0F-7C79D0D6B806}.Release|Any CPU.ActiveCfg = Release|Any CPU
		{1A17F90E-9372-4A31-9D0F-7C79D0D6B806}.Release|Any CPU.Build.0 = Release|Any CPU
		{348CEF3A-D4D4-48CF-A784-31555F11D46B}.Debug|Any CPU.ActiveCfg = Debug|Any CPU
		{348CEF3A-D4D4-48CF-A784-31555F11D46B}.Debug|Any CPU.Build.0 = Debug|Any CPU
		{348CEF3A-D4D4-48CF-A784-31555F11D46B}.Release|Any CPU.ActiveCfg = Release|Any CPU
		{348CEF3A-D4D4-48CF-A784-31555F11D46B}.Release|Any CPU.Build.0 = Release|Any CPU
		{C7FFA02D-E66E-4097-9804-EE05DE6E9822}.Debug|Any CPU.ActiveCfg = Debug|Any CPU
		{C7FFA02D-E66E-4097-9804-EE05DE6E9822}.Debug|Any CPU.Build.0 = Debug|Any CPU
		{C7FFA02D-E66E-4097-9804-EE05DE6E9822}.Release|Any CPU.ActiveCfg = Release|Any CPU
		{C7FFA02D-E66E-4097-9804-EE05DE6E9822}.Release|Any CPU.Build.0 = Release|Any CPU
		{2BBDBC64-AA04-409E-A381-7686F5D9A230}.Debug|Any CPU.ActiveCfg = Debug|Any CPU
		{2BBDBC64-AA04-409E-A381-7686F5D9A230}.Debug|Any CPU.Build.0 = Debug|Any CPU
		{2BBDBC64-AA04-409E-A381-7686F5D9A230}.Release|Any CPU.ActiveCfg = Release|Any CPU
		{2BBDBC64-AA04-409E-A381-7686F5D9A230}.Release|Any CPU.Build.0 = Release|Any CPU
		{C6A49E66-94BD-4A2B-B551-E2BACAB1516F}.Debug|Any CPU.ActiveCfg = Debug|Any CPU
		{C6A49E66-94BD-4A2B-B551-E2BACAB1516F}.Debug|Any CPU.Build.0 = Debug|Any CPU
		{C6A49E66-94BD-4A2B-B551-E2BACAB1516F}.Release|Any CPU.ActiveCfg = Release|Any CPU
		{C6A49E66-94BD-4A2B-B551-E2BACAB1516F}.Release|Any CPU.Build.0 = Release|Any CPU
	EndGlobalSection
	GlobalSection(SolutionProperties) = preSolution
		HideSolutionNode = FALSE
	EndGlobalSection
	GlobalSection(NestedProjects) = preSolution
		{348CEF3A-D4D4-48CF-A784-31555F11D46B} = {2F0759B6-0EF8-4B03-BBBB-E410FBF70F69}
		{C7FFA02D-E66E-4097-9804-EE05DE6E9822} = {6949BBBC-766E-4082-8ABA-C381D721BD97}
		{2BBDBC64-AA04-409E-A381-7686F5D9A230} = {11D26B4C-9326-4683-9073-33B748793C4B}
		{C6A49E66-94BD-4A2B-B551-E2BACAB1516F} = {E813DC54-D1F5-48E4-A9A4-E86EA4E6AF8F}
	EndGlobalSection
	GlobalSection(ExtensibilityGlobals) = postSolution
		SolutionGuid = {C816D1DC-F73E-41DE-A6BD-775546B4153E}
	EndGlobalSection
EndGlobal
