
Microsoft Visual Studio Solution File, Format Version 12.00
# Visual Studio 15
VisualStudioVersion = 15.0.26430.16
MinimumVisualStudioVersion = 10.0.40219.1
Project("{2150E333-8FDC-42A3-9474-1A3956D46DE8}") = "Aula 01 02 03 04", "Aula 01 02 03 04", "{91E7B42A-C4BD-4733-A0F9-08729850173A}"
EndProject
Project("{FAE04EC0-301F-11D3-BF4B-00C04F79EFBC}") = "CadCli", "Aula3\CadCli\CadCli.csproj", "{DD0649DF-D554-4CFE-9A99-993F074AB4D6}"
EndProject
Project("{2150E333-8FDC-42A3-9474-1A3956D46DE8}") = "Aula 04", "Aula 04", "{D8158B43-1340-4970-8777-DE56F63A95F3}"
EndProject
Project("{9A19103F-16F7-4668-BE54-9A1E7A4F7556}") = "GreenFullFramework", "GreenFullFramework\GreenFullFramework.csproj", "{1A17F90E-9372-4A31-9D0F-7C79D0D6B806}"
EndProject
Project("{FAE04EC0-301F-11D3-BF4B-00C04F79EFBC}") = "MVCSample", "MVCSample\MVCSample.csproj", "{348CEF3A-D4D4-48CF-A784-31555F11D46B}"
EndProject
Project("{2150E333-8FDC-42A3-9474-1A3956D46DE8}") = "Aula 06", "Aula 06", "{11D26B4C-9326-4683-9073-33B748793C4B}"
EndProject
Project("{2150E333-8FDC-42A3-9474-1A3956D46DE8}") = "Aula 05", "Aula 05", "{E813DC54-D1F5-48E4-A9A4-E86EA4E6AF8F}"
EndProject
Project("{2150E333-8FDC-42A3-9474-1A3956D46DE8}") = "Aula 07", "Aula 07", "{6949BBBC-766E-4082-8ABA-C381D721BD97}"
EndProject
Project("{FAE04EC0-301F-11D3-BF4B-00C04F79EFBC}") = "ExemploGreen.Web7", "ExemploGreen.Web7\ExemploGreen.Web7.csproj", "{C7FFA02D-E66E-4097-9804-EE05DE6E9822}"
EndProject
Project("{FAE04EC0-301F-11D3-BF4B-00C04F79EFBC}") = "ExemploGreen.Web6", "ExemploGreen.Web6\ExemploGreen.Web6.csproj", "{2BBDBC64-AA04-409E-A381-7686F5D9A230}"
EndProject
Project("{FAE04EC0-301F-11D3-BF4B-00C04F79EFBC}") = "ExemploGreen.Web5", "ExemploGreen.Web5\ExemploGreen.Web5.csproj", "{C6A49E66-94BD-4A2B-B551-E2BACAB1516F}"
EndProject
Project("{2150E333-8FDC-42A3-9474-1A3956D46DE8}") = "Solution Items", "Solution Items", "{4D80A60F-51CA-49CA-9EA5-6EA94BAB9346}"
	ProjectSection(SolutionItems) = preProject
		WebFotosRequisitos.txt = WebFotosRequisitos.txt
	EndProjectSection
EndProject
Project("{2150E333-8FDC-42A3-9474-1A3956D46DE8}") = "Misc", "Misc", "{1FE30A21-2842-4865-80BA-B5954AB87D69}"
	ProjectSection(SolutionItems) = preProject
		jogadores.csv = jogadores.csv
		Readme.txt = Readme.txt
	EndProjectSection
EndProject
Project("{2150E333-8FDC-42A3-9474-1A3956D46DE8}") = "Aula 08", "Aula 08", "{F9A797F0-509D-4EBC-B22C-971F726A8CE0}"
EndProject
Project("{FAE04EC0-301F-11D3-BF4B-00C04F79EFBC}") = "Green.AlbumCopa", "08\Green.AlbumCopa\Green.AlbumCopa.csproj", "{F4861320-D4D3-4515-B31A-43F976621B5F}"
EndProject
Project("{2150E333-8FDC-42A3-9474-1A3956D46DE8}") = "01-Code First", "01-Code First", "{09DA504F-BE61-4319-8D4A-7BDCB8570B4D}"
EndProject
Project("{2150E333-8FDC-42A3-9474-1A3956D46DE8}") = "02-Database First", "02-Database First", "{82BCC82F-AA54-4571-8AC4-EBD8BB112805}"
EndProject
Project("{FAE04EC0-301F-11D3-BF4B-00C04F79EFBC}") = "Green.AlbumCopa2", "08\Green.AlbumCopa2\Green.AlbumCopa2.csproj", "{3E770B88-5188-4E1B-A64C-ECC738938697}"
EndProject
Project("{2150E333-8FDC-42A3-9474-1A3956D46DE8}") = "03-Auth", "03-Auth", "{71100077-F8EB-49A4-9282-405B867AA866}"
EndProject
Project("{FAE04EC0-301F-11D3-BF4B-00C04F79EFBC}") = "Green.Album.Autenticado", "Green.Album.Autenticado\Green.Album.Autenticado.csproj", "{55E81B6E-A5AE-48EB-A299-EBFF04178D65}"
EndProject
Project("{2150E333-8FDC-42A3-9474-1A3956D46DE8}") = "04-Model First", "04-Model First", "{80F1E645-8D81-478C-A6F0-142C477CA88C}"
EndProject
Project("{FAE04EC0-301F-11D3-BF4B-00C04F79EFBC}") = "Green.Autenticacao", "Green.Autenticacao\Green.Autenticacao.csproj", "{D22A2D66-228C-4AF2-ADC1-8A48D602CE4E}"
EndProject
Project("{2150E333-8FDC-42A3-9474-1A3956D46DE8}") = "Aula 09", "Aula 09", "{780D1842-06ED-428F-AE0B-0409AB62AD71}"
EndProject
Project("{FAE04EC0-301F-11D3-BF4B-00C04F79EFBC}") = "Green.Alunos", "Green.Alunos\Green.Alunos.csproj", "{F13B2E78-1A03-4CD1-893A-EFEF0E2F4D50}"
EndProject
Project("{FAE04EC0-301F-11D3-BF4B-00C04F79EFBC}") = "Green.Alunos.Domain", "Green.Alunos.Domain\Green.Alunos.Domain.csproj", "{D9CB00DB-DFDC-4B71-97A9-F5775AAA2491}"
EndProject
Project("{FAE04EC0-301F-11D3-BF4B-00C04F79EFBC}") = "Green.Alunos.Application", "Green.Alunos.Application\Green.Alunos.Application.csproj", "{D847001F-8302-4C18-8C32-3EAD13CD4278}"
EndProject
Project("{FAE04EC0-301F-11D3-BF4B-00C04F79EFBC}") = "Green.Alunos.Repositorio.EF", "Green.Alunos.Repositorio.EF\Green.Alunos.Repositorio.EF.csproj", "{F46AB643-F1B1-4D2E-AB7F-0E6F6F626D22}"
EndProject
Project("{FAE04EC0-301F-11D3-BF4B-00C04F79EFBC}") = "Green.Alunos.Repositorio.MsSQL", "Green.Alunos.Repositorio.MsSQL\Green.Alunos.Repositorio.MsSQL.csproj", "{7413ADDE-AF6A-4863-A12D-F86D7CEF737C}"
EndProject
Project("{2150E333-8FDC-42A3-9474-1A3956D46DE8}") = "Aula 10", "Aula 10", "{6655DBF4-8132-408F-B688-FE1A936FA615}"
EndProject
Project("{2150E333-8FDC-42A3-9474-1A3956D46DE8}") = "01", "01", "{76A6D5A3-2378-4920-8CCD-6A1D19DE37DC}"
EndProject
Project("{2150E333-8FDC-42A3-9474-1A3956D46DE8}") = "02", "02", "{BBF9F38D-4BF2-4FA2-8545-D9F46E715984}"
EndProject
Project("{FAE04EC0-301F-11D3-BF4B-00C04F79EFBC}") = "Green.Samples", "Green.Samples\Green.Samples.csproj", "{F7BAFC19-E447-49D2-AD12-48B3BEC853FF}"
EndProject
Project("{FAE04EC0-301F-11D3-BF4B-00C04F79EFBC}") = "Green.Ajax", "Green.Ajax\Green.Ajax.csproj", "{845F9C93-7692-45FD-AAF3-2AF3BCC9FBB2}"
EndProject
Project("{FAE04EC0-301F-11D3-BF4B-00C04F79EFBC}") = "MCSAWeb001", "MCSAWeb001\MCSAWeb001.csproj", "{57E69F2F-5A93-4104-B893-BFC2831A6A7C}"
EndProject
Project("{FAE04EC0-301F-11D3-BF4B-00C04F79EFBC}") = "WebListaDeCompras", "WebListaDeCompras\WebListaDeCompras.csproj", "{8428D330-1B06-44CA-913F-A9D25C21E3A5}"
EndProject
Project("{FAE04EC0-301F-11D3-BF4B-00C04F79EFBC}") = "WebFotos", "WebFotos\WebFotos.csproj", "{D38A7F5D-DEFE-4F7F-992C-BDE27AB354CA}"
EndProject
Project("{2150E333-8FDC-42A3-9474-1A3956D46DE8}") = "api", "api", "{71C3B3B1-65CB-4848-AA7E-66958034C511}"
EndProject
Project("{FAE04EC0-301F-11D3-BF4B-00C04F79EFBC}") = "WebApiProj", "WebApiProj\WebApiProj.csproj", "{F4B3D6E7-D5AF-4208-9E3C-CB43B2A0E338}"
EndProject
Project("{FAE04EC0-301F-11D3-BF4B-00C04F79EFBC}") = "WebAppWebsockets", "WebAppWebsockets\WebAppWebsockets.csproj", "{1F8761AA-8A0D-44DF-977D-25196BD61F16}"
EndProject
Project("{FAE04EC0-301F-11D3-BF4B-00C04F79EFBC}") = "WebAppHandlers", "WebAppHandlers\WebAppHandlers.csproj", "{D25A1C48-945A-4A2A-91DF-4A8B94A7543C}"
EndProject
Global
	GlobalSection(SolutionConfigurationPlatforms) = preSolution
		Debug|Any CPU = Debug|Any CPU
		Release|Any CPU = Release|Any CPU
	EndGlobalSection
	GlobalSection(ProjectConfigurationPlatforms) = postSolution
		{DD0649DF-D554-4CFE-9A99-993F074AB4D6}.Debug|Any CPU.ActiveCfg = Debug|Any CPU
		{DD0649DF-D554-4CFE-9A99-993F074AB4D6}.Debug|Any CPU.Build.0 = Debug|Any CPU
		{DD0649DF-D554-4CFE-9A99-993F074AB4D6}.Release|Any CPU.ActiveCfg = Release|Any CPU
		{DD0649DF-D554-4CFE-9A99-993F074AB4D6}.Release|Any CPU.Build.0 = Release|Any CPU
		{1A17F90E-9372-4A31-9D0F-7C79D0D6B806}.Debug|Any CPU.ActiveCfg = Debug|Any CPU
		{1A17F90E-9372-4A31-9D0F-7C79D0D6B806}.Debug|Any CPU.Build.0 = Debug|Any CPU
		{1A17F90E-9372-4A31-9D0F-7C79D0D6B806}.Release|Any CPU.ActiveCfg = Release|Any CPU
		{1A17F90E-9372-4A31-9D0F-7C79D0D6B806}.Release|Any CPU.Build.0 = Release|Any CPU
		{348CEF3A-D4D4-48CF-A784-31555F11D46B}.Debug|Any CPU.ActiveCfg = Debug|Any CPU
		{348CEF3A-D4D4-48CF-A784-31555F11D46B}.Debug|Any CPU.Build.0 = Debug|Any CPU
		{348CEF3A-D4D4-48CF-A784-31555F11D46B}.Release|Any CPU.ActiveCfg = Release|Any CPU
		{348CEF3A-D4D4-48CF-A784-31555F11D46B}.Release|Any CPU.Build.0 = Release|Any CPU
		{C7FFA02D-E66E-4097-9804-EE05DE6E9822}.Debug|Any CPU.ActiveCfg = Debug|Any CPU
		{C7FFA02D-E66E-4097-9804-EE05DE6E9822}.Debug|Any CPU.Build.0 = Debug|Any CPU
		{C7FFA02D-E66E-4097-9804-EE05DE6E9822}.Release|Any CPU.ActiveCfg = Release|Any CPU
		{C7FFA02D-E66E-4097-9804-EE05DE6E9822}.Release|Any CPU.Build.0 = Release|Any CPU
		{2BBDBC64-AA04-409E-A381-7686F5D9A230}.Debug|Any CPU.ActiveCfg = Debug|Any CPU
		{2BBDBC64-AA04-409E-A381-7686F5D9A230}.Debug|Any CPU.Build.0 = Debug|Any CPU
		{2BBDBC64-AA04-409E-A381-7686F5D9A230}.Release|Any CPU.ActiveCfg = Release|Any CPU
		{2BBDBC64-AA04-409E-A381-7686F5D9A230}.Release|Any CPU.Build.0 = Release|Any CPU
		{C6A49E66-94BD-4A2B-B551-E2BACAB1516F}.Debug|Any CPU.ActiveCfg = Debug|Any CPU
		{C6A49E66-94BD-4A2B-B551-E2BACAB1516F}.Debug|Any CPU.Build.0 = Debug|Any CPU
		{C6A49E66-94BD-4A2B-B551-E2BACAB1516F}.Release|Any CPU.ActiveCfg = Release|Any CPU
		{C6A49E66-94BD-4A2B-B551-E2BACAB1516F}.Release|Any CPU.Build.0 = Release|Any CPU
		{F4861320-D4D3-4515-B31A-43F976621B5F}.Debug|Any CPU.ActiveCfg = Debug|Any CPU
		{F4861320-D4D3-4515-B31A-43F976621B5F}.Debug|Any CPU.Build.0 = Debug|Any CPU
		{F4861320-D4D3-4515-B31A-43F976621B5F}.Release|Any CPU.ActiveCfg = Release|Any CPU
		{F4861320-D4D3-4515-B31A-43F976621B5F}.Release|Any CPU.Build.0 = Release|Any CPU
		{3E770B88-5188-4E1B-A64C-ECC738938697}.Debug|Any CPU.ActiveCfg = Debug|Any CPU
		{3E770B88-5188-4E1B-A64C-ECC738938697}.Debug|Any CPU.Build.0 = Debug|Any CPU
		{3E770B88-5188-4E1B-A64C-ECC738938697}.Release|Any CPU.ActiveCfg = Release|Any CPU
		{3E770B88-5188-4E1B-A64C-ECC738938697}.Release|Any CPU.Build.0 = Release|Any CPU
		{55E81B6E-A5AE-48EB-A299-EBFF04178D65}.Debug|Any CPU.ActiveCfg = Debug|Any CPU
		{55E81B6E-A5AE-48EB-A299-EBFF04178D65}.Debug|Any CPU.Build.0 = Debug|Any CPU
		{55E81B6E-A5AE-48EB-A299-EBFF04178D65}.Release|Any CPU.ActiveCfg = Release|Any CPU
		{55E81B6E-A5AE-48EB-A299-EBFF04178D65}.Release|Any CPU.Build.0 = Release|Any CPU
		{D22A2D66-228C-4AF2-ADC1-8A48D602CE4E}.Debug|Any CPU.ActiveCfg = Debug|Any CPU
		{D22A2D66-228C-4AF2-ADC1-8A48D602CE4E}.Debug|Any CPU.Build.0 = Debug|Any CPU
		{D22A2D66-228C-4AF2-ADC1-8A48D602CE4E}.Release|Any CPU.ActiveCfg = Release|Any CPU
		{D22A2D66-228C-4AF2-ADC1-8A48D602CE4E}.Release|Any CPU.Build.0 = Release|Any CPU
		{F13B2E78-1A03-4CD1-893A-EFEF0E2F4D50}.Debug|Any CPU.ActiveCfg = Debug|Any CPU
		{F13B2E78-1A03-4CD1-893A-EFEF0E2F4D50}.Debug|Any CPU.Build.0 = Debug|Any CPU
		{F13B2E78-1A03-4CD1-893A-EFEF0E2F4D50}.Release|Any CPU.ActiveCfg = Release|Any CPU
		{F13B2E78-1A03-4CD1-893A-EFEF0E2F4D50}.Release|Any CPU.Build.0 = Release|Any CPU
		{D9CB00DB-DFDC-4B71-97A9-F5775AAA2491}.Debug|Any CPU.ActiveCfg = Debug|Any CPU
		{D9CB00DB-DFDC-4B71-97A9-F5775AAA2491}.Debug|Any CPU.Build.0 = Debug|Any CPU
		{D9CB00DB-DFDC-4B71-97A9-F5775AAA2491}.Release|Any CPU.ActiveCfg = Release|Any CPU
		{D9CB00DB-DFDC-4B71-97A9-F5775AAA2491}.Release|Any CPU.Build.0 = Release|Any CPU
		{D847001F-8302-4C18-8C32-3EAD13CD4278}.Debug|Any CPU.ActiveCfg = Debug|Any CPU
		{D847001F-8302-4C18-8C32-3EAD13CD4278}.Debug|Any CPU.Build.0 = Debug|Any CPU
		{D847001F-8302-4C18-8C32-3EAD13CD4278}.Release|Any CPU.ActiveCfg = Release|Any CPU
		{D847001F-8302-4C18-8C32-3EAD13CD4278}.Release|Any CPU.Build.0 = Release|Any CPU
		{F46AB643-F1B1-4D2E-AB7F-0E6F6F626D22}.Debug|Any CPU.ActiveCfg = Debug|Any CPU
		{F46AB643-F1B1-4D2E-AB7F-0E6F6F626D22}.Debug|Any CPU.Build.0 = Debug|Any CPU
		{F46AB643-F1B1-4D2E-AB7F-0E6F6F626D22}.Release|Any CPU.ActiveCfg = Release|Any CPU
		{F46AB643-F1B1-4D2E-AB7F-0E6F6F626D22}.Release|Any CPU.Build.0 = Release|Any CPU
		{7413ADDE-AF6A-4863-A12D-F86D7CEF737C}.Debug|Any CPU.ActiveCfg = Debug|Any CPU
		{7413ADDE-AF6A-4863-A12D-F86D7CEF737C}.Debug|Any CPU.Build.0 = Debug|Any CPU
		{7413ADDE-AF6A-4863-A12D-F86D7CEF737C}.Release|Any CPU.ActiveCfg = Release|Any CPU
		{7413ADDE-AF6A-4863-A12D-F86D7CEF737C}.Release|Any CPU.Build.0 = Release|Any CPU
		{F7BAFC19-E447-49D2-AD12-48B3BEC853FF}.Debug|Any CPU.ActiveCfg = Debug|Any CPU
		{F7BAFC19-E447-49D2-AD12-48B3BEC853FF}.Debug|Any CPU.Build.0 = Debug|Any CPU
		{F7BAFC19-E447-49D2-AD12-48B3BEC853FF}.Release|Any CPU.ActiveCfg = Release|Any CPU
		{F7BAFC19-E447-49D2-AD12-48B3BEC853FF}.Release|Any CPU.Build.0 = Release|Any CPU
		{845F9C93-7692-45FD-AAF3-2AF3BCC9FBB2}.Debug|Any CPU.ActiveCfg = Debug|Any CPU
		{845F9C93-7692-45FD-AAF3-2AF3BCC9FBB2}.Debug|Any CPU.Build.0 = Debug|Any CPU
		{845F9C93-7692-45FD-AAF3-2AF3BCC9FBB2}.Release|Any CPU.ActiveCfg = Release|Any CPU
		{845F9C93-7692-45FD-AAF3-2AF3BCC9FBB2}.Release|Any CPU.Build.0 = Release|Any CPU
		{57E69F2F-5A93-4104-B893-BFC2831A6A7C}.Debug|Any CPU.ActiveCfg = Debug|Any CPU
		{57E69F2F-5A93-4104-B893-BFC2831A6A7C}.Debug|Any CPU.Build.0 = Debug|Any CPU
		{57E69F2F-5A93-4104-B893-BFC2831A6A7C}.Release|Any CPU.ActiveCfg = Release|Any CPU
		{57E69F2F-5A93-4104-B893-BFC2831A6A7C}.Release|Any CPU.Build.0 = Release|Any CPU
		{8428D330-1B06-44CA-913F-A9D25C21E3A5}.Debug|Any CPU.ActiveCfg = Debug|Any CPU
		{8428D330-1B06-44CA-913F-A9D25C21E3A5}.Debug|Any CPU.Build.0 = Debug|Any CPU
		{8428D330-1B06-44CA-913F-A9D25C21E3A5}.Release|Any CPU.ActiveCfg = Release|Any CPU
		{8428D330-1B06-44CA-913F-A9D25C21E3A5}.Release|Any CPU.Build.0 = Release|Any CPU
		{D38A7F5D-DEFE-4F7F-992C-BDE27AB354CA}.Debug|Any CPU.ActiveCfg = Debug|Any CPU
		{D38A7F5D-DEFE-4F7F-992C-BDE27AB354CA}.Debug|Any CPU.Build.0 = Debug|Any CPU
		{D38A7F5D-DEFE-4F7F-992C-BDE27AB354CA}.Release|Any CPU.ActiveCfg = Release|Any CPU
		{D38A7F5D-DEFE-4F7F-992C-BDE27AB354CA}.Release|Any CPU.Build.0 = Release|Any CPU
		{F4B3D6E7-D5AF-4208-9E3C-CB43B2A0E338}.Debug|Any CPU.ActiveCfg = Debug|Any CPU
		{F4B3D6E7-D5AF-4208-9E3C-CB43B2A0E338}.Debug|Any CPU.Build.0 = Debug|Any CPU
		{F4B3D6E7-D5AF-4208-9E3C-CB43B2A0E338}.Release|Any CPU.ActiveCfg = Release|Any CPU
		{F4B3D6E7-D5AF-4208-9E3C-CB43B2A0E338}.Release|Any CPU.Build.0 = Release|Any CPU
		{1F8761AA-8A0D-44DF-977D-25196BD61F16}.Debug|Any CPU.ActiveCfg = Debug|Any CPU
		{1F8761AA-8A0D-44DF-977D-25196BD61F16}.Debug|Any CPU.Build.0 = Debug|Any CPU
		{1F8761AA-8A0D-44DF-977D-25196BD61F16}.Release|Any CPU.ActiveCfg = Release|Any CPU
		{1F8761AA-8A0D-44DF-977D-25196BD61F16}.Release|Any CPU.Build.0 = Release|Any CPU
		{D25A1C48-945A-4A2A-91DF-4A8B94A7543C}.Debug|Any CPU.ActiveCfg = Debug|Any CPU
		{D25A1C48-945A-4A2A-91DF-4A8B94A7543C}.Debug|Any CPU.Build.0 = Debug|Any CPU
		{D25A1C48-945A-4A2A-91DF-4A8B94A7543C}.Release|Any CPU.ActiveCfg = Release|Any CPU
		{D25A1C48-945A-4A2A-91DF-4A8B94A7543C}.Release|Any CPU.Build.0 = Release|Any CPU
	EndGlobalSection
	GlobalSection(SolutionProperties) = preSolution
		HideSolutionNode = FALSE
	EndGlobalSection
	GlobalSection(NestedProjects) = preSolution
		{DD0649DF-D554-4CFE-9A99-993F074AB4D6} = {D8158B43-1340-4970-8777-DE56F63A95F3}
		{1A17F90E-9372-4A31-9D0F-7C79D0D6B806} = {91E7B42A-C4BD-4733-A0F9-08729850173A}
		{348CEF3A-D4D4-48CF-A784-31555F11D46B} = {E813DC54-D1F5-48E4-A9A4-E86EA4E6AF8F}
		{C7FFA02D-E66E-4097-9804-EE05DE6E9822} = {6949BBBC-766E-4082-8ABA-C381D721BD97}
		{2BBDBC64-AA04-409E-A381-7686F5D9A230} = {11D26B4C-9326-4683-9073-33B748793C4B}
		{C6A49E66-94BD-4A2B-B551-E2BACAB1516F} = {E813DC54-D1F5-48E4-A9A4-E86EA4E6AF8F}
		{1FE30A21-2842-4865-80BA-B5954AB87D69} = {4D80A60F-51CA-49CA-9EA5-6EA94BAB9346}
		{F4861320-D4D3-4515-B31A-43F976621B5F} = {09DA504F-BE61-4319-8D4A-7BDCB8570B4D}
		{09DA504F-BE61-4319-8D4A-7BDCB8570B4D} = {F9A797F0-509D-4EBC-B22C-971F726A8CE0}
		{82BCC82F-AA54-4571-8AC4-EBD8BB112805} = {F9A797F0-509D-4EBC-B22C-971F726A8CE0}
		{3E770B88-5188-4E1B-A64C-ECC738938697} = {82BCC82F-AA54-4571-8AC4-EBD8BB112805}
		{71100077-F8EB-49A4-9282-405B867AA866} = {F9A797F0-509D-4EBC-B22C-971F726A8CE0}
		{55E81B6E-A5AE-48EB-A299-EBFF04178D65} = {71100077-F8EB-49A4-9282-405B867AA866}
		{80F1E645-8D81-478C-A6F0-142C477CA88C} = {F9A797F0-509D-4EBC-B22C-971F726A8CE0}
		{D22A2D66-228C-4AF2-ADC1-8A48D602CE4E} = {71100077-F8EB-49A4-9282-405B867AA866}
		{F13B2E78-1A03-4CD1-893A-EFEF0E2F4D50} = {BBF9F38D-4BF2-4FA2-8545-D9F46E715984}
		{D9CB00DB-DFDC-4B71-97A9-F5775AAA2491} = {BBF9F38D-4BF2-4FA2-8545-D9F46E715984}
		{D847001F-8302-4C18-8C32-3EAD13CD4278} = {BBF9F38D-4BF2-4FA2-8545-D9F46E715984}
		{F46AB643-F1B1-4D2E-AB7F-0E6F6F626D22} = {BBF9F38D-4BF2-4FA2-8545-D9F46E715984}
		{7413ADDE-AF6A-4863-A12D-F86D7CEF737C} = {BBF9F38D-4BF2-4FA2-8545-D9F46E715984}
		{76A6D5A3-2378-4920-8CCD-6A1D19DE37DC} = {6655DBF4-8132-408F-B688-FE1A936FA615}
		{BBF9F38D-4BF2-4FA2-8545-D9F46E715984} = {6655DBF4-8132-408F-B688-FE1A936FA615}
		{F7BAFC19-E447-49D2-AD12-48B3BEC853FF} = {780D1842-06ED-428F-AE0B-0409AB62AD71}
		{845F9C93-7692-45FD-AAF3-2AF3BCC9FBB2} = {780D1842-06ED-428F-AE0B-0409AB62AD71}
		{71C3B3B1-65CB-4848-AA7E-66958034C511} = {780D1842-06ED-428F-AE0B-0409AB62AD71}
		{F4B3D6E7-D5AF-4208-9E3C-CB43B2A0E338} = {71C3B3B1-65CB-4848-AA7E-66958034C511}
		{1F8761AA-8A0D-44DF-977D-25196BD61F16} = {76A6D5A3-2378-4920-8CCD-6A1D19DE37DC}
		{D25A1C48-945A-4A2A-91DF-4A8B94A7543C} = {76A6D5A3-2378-4920-8CCD-6A1D19DE37DC}
	EndGlobalSection
	GlobalSection(ExtensibilityGlobals) = postSolution
		SolutionGuid = {C816D1DC-F73E-41DE-A6BD-775546B4153E}
	EndGlobalSection
EndGlobal
