
Microsoft Visual Studio Solution File, Format Version 12.00
# Visual Studio 15
VisualStudioVersion = 15.0.26430.16
MinimumVisualStudioVersion = 10.0.40219.1
Project("{2150E333-8FDC-42A3-9474-1A3956D46DE8}") = "Aula 03", "Aula 03", "{91E7B42A-C4BD-4733-A0F9-08729850173A}"
EndProject
Project("{FAE04EC0-301F-11D3-BF4B-00C04F79EFBC}") = "CadCli", "Aula3\CadCli\CadCli.csproj", "{DD0649DF-D554-4CFE-9A99-993F074AB4D6}"
EndProject
Project("{2150E333-8FDC-42A3-9474-1A3956D46DE8}") = "Aula 04", "Aula 04", "{D8158B43-1340-4970-8777-DE56F63A95F3}"
EndProject
Project("{9A19103F-16F7-4668-BE54-9A1E7A4F7556}") = "GreenFullFramework", "GreenFullFramework\GreenFullFramework.csproj", "{1A17F90E-9372-4A31-9D0F-7C79D0D6B806}"
EndProject
Project("{2150E333-8FDC-42A3-9474-1A3956D46DE8}") = "MVC", "MVC", "{2F0759B6-0EF8-4B03-BBBB-E410FBF70F69}"
EndProject
Project("{FAE04EC0-301F-11D3-BF4B-00C04F79EFBC}") = "MVCSample", "MVCSample\MVCSample.csproj", "{348CEF3A-D4D4-48CF-A784-31555F11D46B}"
EndProject
Project("{2150E333-8FDC-42A3-9474-1A3956D46DE8}") = "Aula 06", "Aula 06", "{11D26B4C-9326-4683-9073-33B748793C4B}"
EndProject
Project("{2150E333-8FDC-42A3-9474-1A3956D46DE8}") = "Aula 05", "Aula 05", "{E813DC54-D1F5-48E4-A9A4-E86EA4E6AF8F}"
EndProject
Project("{FAE04EC0-301F-11D3-BF4B-00C04F79EFBC}") = "ExemploGreen.Web", "Aula5\ExemploGreen.Web\ExemploGreen.Web.csproj", "{F70DD517-A4A8-4379-A4D7-D697F6ED2057}"
EndProject
Project("{FAE04EC0-301F-11D3-BF4B-00C04F79EFBC}") = "ExemploGreen.Web", "Aula6\ExemploGreen.Web\ExemploGreen.Web.csproj", "{AC1CE3E6-9FF5-4735-9B11-205A2585F6F1}"
EndProject
Global
	GlobalSection(SolutionConfigurationPlatforms) = preSolution
		Debug|Any CPU = Debug|Any CPU
		Release|Any CPU = Release|Any CPU
	EndGlobalSection
	GlobalSection(ProjectConfigurationPlatforms) = postSolution
		{DD0649DF-D554-4CFE-9A99-993F074AB4D6}.Debug|Any CPU.ActiveCfg = Debug|Any CPU
		{DD0649DF-D554-4CFE-9A99-993F074AB4D6}.Debug|Any CPU.Build.0 = Debug|Any CPU
		{DD0649DF-D554-4CFE-9A99-993F074AB4D6}.Release|Any CPU.ActiveCfg = Release|Any CPU
		{DD0649DF-D554-4CFE-9A99-993F074AB4D6}.Release|Any CPU.Build.0 = Release|Any CPU
		{1A17F90E-9372-4A31-9D0F-7C79D0D6B806}.Debug|Any CPU.ActiveCfg = Debug|Any CPU
		{1A17F90E-9372-4A31-9D0F-7C79D0D6B806}.Debug|Any CPU.Build.0 = Debug|Any CPU
		{1A17F90E-9372-4A31-9D0F-7C79D0D6B806}.Release|Any CPU.ActiveCfg = Release|Any CPU
		{1A17F90E-9372-4A31-9D0F-7C79D0D6B806}.Release|Any CPU.Build.0 = Release|Any CPU
		{348CEF3A-D4D4-48CF-A784-31555F11D46B}.Debug|Any CPU.ActiveCfg = Debug|Any CPU
		{348CEF3A-D4D4-48CF-A784-31555F11D46B}.Debug|Any CPU.Build.0 = Debug|Any CPU
		{348CEF3A-D4D4-48CF-A784-31555F11D46B}.Release|Any CPU.ActiveCfg = Release|Any CPU
		{348CEF3A-D4D4-48CF-A784-31555F11D46B}.Release|Any CPU.Build.0 = Release|Any CPU
		{F70DD517-A4A8-4379-A4D7-D697F6ED2057}.Debug|Any CPU.ActiveCfg = Debug|Any CPU
		{F70DD517-A4A8-4379-A4D7-D697F6ED2057}.Debug|Any CPU.Build.0 = Debug|Any CPU
		{F70DD517-A4A8-4379-A4D7-D697F6ED2057}.Release|Any CPU.ActiveCfg = Release|Any CPU
		{F70DD517-A4A8-4379-A4D7-D697F6ED2057}.Release|Any CPU.Build.0 = Release|Any CPU
		{AC1CE3E6-9FF5-4735-9B11-205A2585F6F1}.Debug|Any CPU.ActiveCfg = Debug|Any CPU
		{AC1CE3E6-9FF5-4735-9B11-205A2585F6F1}.Debug|Any CPU.Build.0 = Debug|Any CPU
		{AC1CE3E6-9FF5-4735-9B11-205A2585F6F1}.Release|Any CPU.ActiveCfg = Release|Any CPU
		{AC1CE3E6-9FF5-4735-9B11-205A2585F6F1}.Release|Any CPU.Build.0 = Release|Any CPU
	EndGlobalSection
	GlobalSection(SolutionProperties) = preSolution
		HideSolutionNode = FALSE
	EndGlobalSection
	GlobalSection(NestedProjects) = preSolution
		{348CEF3A-D4D4-48CF-A784-31555F11D46B} = {2F0759B6-0EF8-4B03-BBBB-E410FBF70F69}
		{F70DD517-A4A8-4379-A4D7-D697F6ED2057} = {E813DC54-D1F5-48E4-A9A4-E86EA4E6AF8F}
		{AC1CE3E6-9FF5-4735-9B11-205A2585F6F1} = {11D26B4C-9326-4683-9073-33B748793C4B}
	EndGlobalSection
	GlobalSection(ExtensibilityGlobals) = postSolution
		SolutionGuid = {C816D1DC-F73E-41DE-A6BD-775546B4153E}
	EndGlobalSection
EndGlobal
